dependencies:
  react-toastify: 6.0.5
lockfileVersion: 5.1
packages:
  /@babel/runtime/7.9.6:
    dependencies:
      regenerator-runtime: 0.13.5
    dev: false
    resolution:
      integrity: sha512-64AF1xY3OAkFHqOb9s4jpgk1Mm5vDZ4L3acHvAml+53nO1XbXLuDodsVpO4OIUsmemlUHMxNdYMNJmsvOwLrvQ==
  /classnames/2.2.6:
    dev: false
    resolution:
      integrity: sha512-JR/iSQOSt+LQIWwrwEzJ9uk0xfN3mTVYMwt1Ir5mUcSN6pU+V4zQFFaJsclJbPuAUQH+yfWef6tm7l1quW3C8Q==
  /csstype/2.6.10:
    dev: false
    resolution:
      integrity: sha512-D34BqZU4cIlMCY93rZHbrq9pjTAQJ3U8S8rfBqjwHxkGPThWFjzZDQpgMJY0QViLxth6ZKYiwFBo14RdN44U/w==
  /dom-helpers/5.1.4:
    dependencies:
      '@babel/runtime': 7.9.6
      csstype: 2.6.10
    dev: false
    resolution:
      integrity: sha512-TjMyeVUvNEnOnhzs6uAn9Ya47GmMo3qq7m+Lr/3ON0Rs5kHvb8I+SQYjLUSYn7qhEm0QjW0yrBkvz9yOrwwz1A==
  /js-tokens/4.0.0:
    dev: false
    resolution:
      integrity: sha512-RdJUflcE3cUzKiMqQgsCu06FPu9UdIJO0beYbPhHN4k6apgJtifcoCtT9bcxOpYBtpD2kCM6Sbzg4CausW/PKQ==
  /loose-envify/1.4.0:
    dependencies:
      js-tokens: 4.0.0
    dev: false
    hasBin: true
    resolution:
      integrity: sha512-lyuxPGr/Wfhrlem2CL/UcnUc1zcqKAImBDzukY7Y5F/yQiNdko6+fRLevlw1HgMySw7f611UIY408EtxRSoK3Q==
  /object-assign/4.1.1:
    dev: false
    engines:
      node: '>=0.10.0'
    resolution:
      integrity: sha1-IQmtx5ZYh8/AXLvUQsrIv7s2CGM=
  /prop-types/15.7.2:
    dependencies:
      loose-envify: 1.4.0
      object-assign: 4.1.1
      react-is: 16.13.1
    dev: false
    resolution:
      integrity: sha512-8QQikdH7//R2vurIJSutZ1smHYTcLpRWEOlHnzcWHmBYrOGUysKwSsrC89BCiFj3CbrfJ/nXFdJepOVrY1GCHQ==
  /react-is/16.13.1:
    dev: false
    resolution:
      integrity: sha512-24e6ynE2H+OKt4kqsOvNd8kBpV65zoxbA4BVsEOB3ARVWQki/DHzaUoC5KuON/BiccDaCCTZBuOcfZs70kR8bQ==
  /react-toastify/6.0.5:
    dependencies:
      classnames: 2.2.6
      prop-types: 15.7.2
      react-transition-group: 4.4.1
    dev: false
    peerDependencies:
      react: '>=16'
    resolution:
      integrity: sha512-1YXSb6Jr478c1TJEyVpxLHFvtmeXGMvdpZc0fke/7lK+MoLBC+NFgB74bq+C2SZe6LdK+K1voEURJoY88WqWvA==
  /react-transition-group/4.4.1:
    dependencies:
      '@babel/runtime': 7.9.6
      dom-helpers: 5.1.4
      loose-envify: 1.4.0
      prop-types: 15.7.2
    dev: false
    peerDependencies:
      react: '>=16.6.0'
      react-dom: '>=16.6.0'
    resolution:
      integrity: sha512-Djqr7OQ2aPUiYurhPalTrVy9ddmFCCzwhqQmtN+J3+3DzLO209Fdr70QrN8Z3DsglWql6iY1lDWAfpFiBtuKGw==
  /regenerator-runtime/0.13.5:
    dev: false
    resolution:
      integrity: sha512-ZS5w8CpKFinUzOwW3c83oPeVXoNsrLsaCoLtJvAClH135j/R77RuymhiSErhm2lKcwSCIpmvIWSbDkIfAqKQlA==
specifiers:
  react-toastify: ^6.0.5
